
Microsoft Visual Studio Solution File, Format Version 12.00
# Visual Studio Version 17
VisualStudioVersion = 17.8.34309.116
MinimumVisualStudioVersion = 10.0.40219.1
Project("{FAE04EC0-301F-11D3-BF4B-00C04F79EFBC}") = "Module12HW", "Module12HW\Module12HW.csproj", "{8BBE3D88-80D9-46E0-9A54-FE60D2EC4DA8}"
EndProject
Global
	GlobalSection(SolutionConfigurationPlatforms) = preSolution
		Debug|Any CPU = Debug|Any CPU
		Release|Any CPU = Release|Any CPU
	EndGlobalSection
	GlobalSection(ProjectConfigurationPlatforms) = postSolution
		{8BBE3D88-80D9-46E0-9A54-FE60D2EC4DA8}.Debug|Any CPU.ActiveCfg = Debug|Any CPU
		{8BBE3D88-80D9-46E0-9A54-FE60D2EC4DA8}.Debug|Any CPU.Build.0 = Debug|Any CPU
		{8BBE3D88-80D9-46E0-9A54-FE60D2EC4DA8}.Release|Any CPU.ActiveCfg = Release|Any CPU
		{8BBE3D88-80D9-46E0-9A54-FE60D2EC4DA8}.Release|Any CPU.Build.0 = Release|Any CPU
	EndGlobalSection
	GlobalSection(SolutionProperties) = preSolution
		HideSolutionNode = FALSE
	EndGlobalSection
	GlobalSection(ExtensibilityGlobals) = postSolution
		SolutionGuid = {C9B49817-2CDA-4604-95BC-78A46009451B}
	EndGlobalSection
EndGlobal
